
Microsoft Visual Studio Solution File, Format Version 12.00
# Visual Studio Version 16
VisualStudioVersion = 16.0.30907.101
MinimumVisualStudioVersion = 10.0.40219.1
Project("{FAE04EC0-301F-11D3-BF4B-00C04F79EFBC}") = "BookStore", "BookStore\BookStore.csproj", "{8402AA93-E793-402D-A088-D07D3789B1CF}"
EndProject
Global
	GlobalSection(SolutionConfigurationPlatforms) = preSolution
		Debug|Any CPU = Debug|Any CPU
		Release|Any CPU = Release|Any CPU
	EndGlobalSection
	GlobalSection(ProjectConfigurationPlatforms) = postSolution
		{8402AA93-E793-402D-A088-D07D3789B1CF}.Debug|Any CPU.ActiveCfg = Debug|Any CPU
		{8402AA93-E793-402D-A088-D07D3789B1CF}.Debug|Any CPU.Build.0 = Debug|Any CPU
		{8402AA93-E793-402D-A088-D07D3789B1CF}.Release|Any CPU.ActiveCfg = Release|Any CPU
		{8402AA93-E793-402D-A088-D07D3789B1CF}.Release|Any CPU.Build.0 = Release|Any CPU
	EndGlobalSection
	GlobalSection(SolutionProperties) = preSolution
		HideSolutionNode = FALSE
	EndGlobalSection
	GlobalSection(ExtensibilityGlobals) = postSolution
		SolutionGuid = {5D4C0A1F-8F71-4CA1-BBE1-9E71D81C7B7C}
	EndGlobalSection
EndGlobal
